github.com/cloudflare/circl v1.3.7 h1:qlCDlTPz2n9fu58M0Nh1J/JzcFpfgkFHHX3O35r5Zc=
github.com/cloudflare/circl v1.3.7/go.mod h1:lEXJ8N2j+yQLtLSt3QVbL2LAqIeoIZF7reH2+UY6mw=
github.com/google/uuid v1.5.0 h1:1mUlP/xwIHBSNNinXewLJsNQV00IV8nZqYQJO0V2D8=
github.com/google/uuid v1.5.0/go.mod h1:TIyPZe4MgqvfeYDBFedMoGGpNw/VLbwult0sXzjDnQ=
github.com/google/pprof v0.0.0-20231229205709-960ae82b1e42 h1:wb/gEHd5r18jxDe1+3iUC2OEOB6VIuEIjqFJuM6cw8A=
github.com/google/pprof v0.0.0-20231229205709-960ae82b1e42/go.mod h1:czg5+b/ARZOK3tbveovkXAz6DrecfQC3xg+9sDNode=
github.com/gorilla/websocket v1.5.1 h1:gmztn0JnHVt8JWgSvkjtSzfA9mQI8+8Gw5IoGey+8o=
github.com/gorilla/websocket v1.5.1/go.mod h1:x3kM2gCdiqlYY5QuZs07rjCm3G1RofKS8jh7Q/oP38=
github.com/onsi/ginkgo/v2 v2.14.1 h1:FKG5bXAKBPvbfcT1FY0rvOJPJqW+pMpnVrKXM0fOmY=
github.com/onsi/ginkgo/v2 v2.14.1/go.mod h1:aG1BrXwJZROY4p5g56sYN4FOLbPY8/Fg6kjXrNANPo=
github.com/quic-go/quic-go v0.40.1 h1:Y2gMawAd/WCAw0fo+O6SIrwBQTJ8z2UuQ8624O1wE=
github.com/quic-go/quic-go v0.40.1/go.mod h1:PeN2V5velEV6TidaKPqKVHVcuJcPR6UiaVsxXbVdYY=
golang.org/x/crypto v0.20.0 h1:jmAMt+OxQyZIlSPbWqBQaEHKT+rPKFrSBmVVLdXN3U=
golang.org/x/crypto v0.20.0/go.mod h1:Xwgl3UAstryaSigm87QejMu52nLrXwMkXQsxSDcdGD0=
golang.org/x/exp v0.0.0-20240103183307-be819d1f06fc h1:ao2BS53sCUkY+vomsNsktXUhXV8AXRsCV8drYTsDqM=
golang.org/x/exp v0.0.0-20240103183307-be819d1f06fc/go.mod h1:iRJReGqOEeBVnNYVyhdQDF2JrgqrS1RNIkxIZ7arVY=
golang.org/x/mod v0.14.0 h1:dGoOF9QVLYng8IHTm7BAyWqCqSheaerB3At+tjJvWAo=
golang.org/x/mod v0.14.0/go.mod h1:hTbmBsO62+eylJbnUtE2MGJUghQAMwWteWfPbQKrAFc=
golang.org/x/sys v0.16.0 h1:xWaByeuZryI0PffH8A7j+N3wV+NsNWd0NYS51wnzuo=
golang.org/x/sys v0.16.0/go.mod h1:/VUhepP/Pj2kVi7G/V2C5DHYaEVLvIKW6qCFLT+Y4E=
golang.org/x/tools v0.17.0 h1:FvmRgNOg3I9pSFRQM3TEkQuQGxyLrLVQF/SlsWSqDM=
golang.org/x/tools v0.17.0/go.mod h1:xsh6VxdV005rRVaS6SSAf9I08Oimh+TTjAHZAXqrW4=
